PODS:
  - AFNetworking (4.0.1):
    - AFNetworking/NSURLSession (= 4.0.1)
    - AFNetworking/Reachability (= 4.0.1)
    - AFNetworking/Security (= 4.0.1)
    - AFNetworking/Serialization (= 4.0.1)
    - AFNetworking/UIKit (= 4.0.1)
  - AFNetworking/NSURLSession (4.0.1):
    - AFNetworking/Reachability
    - AFNetworking/Security
    - AFNetworking/Serialization
  - AFNetworking/Reachability (4.0.1)
  - AFNetworking/Security (4.0.1)
  - AFNetworking/Serialization (4.0.1)
  - AFNetworking/UIKit (4.0.1):
    - AFNetworking/NSURLSession
  - Masonry (1.1.0)
  - MBProgressHUD-YF (1.0.0)
  - MJExtension (3.3.0)
  - SDWebImage (5.11.1):
    - SDWebImage/Core (= 5.11.1)
  - SDWebImage/Core (5.11.1)
  - SocketRocket (0.5.1)

DEPENDENCIES:
  - AFNetworking
  - Masonry
  - MBProgressHUD-YF
  - MJExtension
  - SDWebImage
  - SocketRocket (~> 0.5.1)

SPEC REPOS:
  trunk:
    - AFNetworking
    - Masonry
    - MBProgressHUD-YF
    - MJExtension
    - SDWebImage
    - SocketRocket

SPEC CHECKSUMS:
  AFNetworking: 7864c38297c79aaca1500c33288e429c3451fdce
  Masonry: 678fab65091a9290e40e2832a55e7ab731aad201
  MBProgressHUD-YF: 0fc6a8f0cb5028f34de62895e4bcf21a38fa02ca
  MJExtension: 01704cca2b60a214c10761b6491eab74069d68a9
  SDWebImage: a7f831e1a65eb5e285e3fb046a23fcfbf08e696d
  SocketRocket: d57c7159b83c3c6655745cd15302aa24b6bae531

PODFILE CHECKSUM: 44a9cad2eb6badc70d7e34bbb8c4a6846d4edec8

COCOAPODS: 1.10.1
